{
  "object": {
    "pins": [
      {
        "package": "OnboardKit",
        "repositoryURL": "https://github.com/meteocool/onboardkit",
        "state": {
          "branch": null,
          "revision": "722030970167c2ab30329473c152ae0c1cb03ca9",
          "version": "1.5.36"
        }
      },
      {
        "package": "StepSlider",
        "repositoryURL": "https://github.com/spromicky/StepSlider",
        "state": {
          "branch": null,
          "revision": "bb490b81515cb0dc87465938a36c43dcba11a274",
          "version": "1.8.0"
        }
      }
    ]
  },
  "version": 1
}
