{
  "object": {
    "pins": [
      {
        "package": "OnboardKit",
        "repositoryURL": "https://github.com/meteocool/onboardkit",
        "state": {
          "branch": null,
          "revision": "f04c9ce1dee80fbf584d9a590c5225c18ab8cded",
          "version": "1.5.31"
        }
      },
      {
        "package": "StepSlider",
        "repositoryURL": "https://github.com/spromicky/StepSlider",
        "state": {
          "branch": null,
          "revision": "bb490b81515cb0dc87465938a36c43dcba11a274",
          "version": "1.8.0"
        }
      }
    ]
  },
  "version": 1
}
